
Microsoft Visual Studio Solution File, Format Version 12.00
# Visual Studio 15
VisualStudioVersion = 15.0.27004.2002
MinimumVisualStudioVersion = 10.0.40219.1
Project("{FAE04EC0-301F-11D3-BF4B-00C04F79EFBC}") = "UL", "MerchKraft1\UL.csproj", "{A124A70F-9CFD-4BB8-8780-B3A8CA699418}"
EndProject
Project("{FAE04EC0-301F-11D3-BF4B-00C04F79EFBC}") = "DAL", "UserLayer\DAL.csproj", "{D7C343A4-82A9-4C9C-957D-8CB7EE701E7F}"
EndProject
Project("{FAE04EC0-301F-11D3-BF4B-00C04F79EFBC}") = "BL", "WebApplication1\BL.csproj", "{F21384CD-0E16-4AA1-9D29-B749BDBC3F44}"
EndProject
Global
	GlobalSection(SolutionConfigurationPlatforms) = preSolution
		Debug|Any CPU = Debug|Any CPU
		Release|Any CPU = Release|Any CPU
	EndGlobalSection
	GlobalSection(ProjectConfigurationPlatforms) = postSolution
		{A124A70F-9CFD-4BB8-8780-B3A8CA699418}.Debug|Any CPU.ActiveCfg = Debug|Any CPU
		{A124A70F-9CFD-4BB8-8780-B3A8CA699418}.Debug|Any CPU.Build.0 = Debug|Any CPU
		{A124A70F-9CFD-4BB8-8780-B3A8CA699418}.Release|Any CPU.ActiveCfg = Release|Any CPU
		{A124A70F-9CFD-4BB8-8780-B3A8CA699418}.Release|Any CPU.Build.0 = Release|Any CPU
		{D7C343A4-82A9-4C9C-957D-8CB7EE701E7F}.Debug|Any CPU.ActiveCfg = Debug|Any CPU
		{D7C343A4-82A9-4C9C-957D-8CB7EE701E7F}.Debug|Any CPU.Build.0 = Debug|Any CPU
		{D7C343A4-82A9-4C9C-957D-8CB7EE701E7F}.Release|Any CPU.ActiveCfg = Release|Any CPU
		{D7C343A4-82A9-4C9C-957D-8CB7EE701E7F}.Release|Any CPU.Build.0 = Release|Any CPU
		{F21384CD-0E16-4AA1-9D29-B749BDBC3F44}.Debug|Any CPU.ActiveCfg = Debug|Any CPU
		{F21384CD-0E16-4AA1-9D29-B749BDBC3F44}.Debug|Any CPU.Build.0 = Debug|Any CPU
		{F21384CD-0E16-4AA1-9D29-B749BDBC3F44}.Release|Any CPU.ActiveCfg = Release|Any CPU
		{F21384CD-0E16-4AA1-9D29-B749BDBC3F44}.Release|Any CPU.Build.0 = Release|Any CPU
	EndGlobalSection
	GlobalSection(SolutionProperties) = preSolution
		HideSolutionNode = FALSE
	EndGlobalSection
	GlobalSection(ExtensibilityGlobals) = postSolution
		SolutionGuid = {AAC85FEC-C07D-4005-8F32-8D26E4BEBA39}
	EndGlobalSection
EndGlobal
